// !$*UTF8*$!
{
	archiveVersion = 1;
	classes = {
	};
	objectVersion = 50;
	objects = {

/* Begin PBXBuildFile section */
		B109C4EA2300FC7B005BE047 /* AppDelegate.m in Sources */ = {isa = PBXBuildFile; fileRef = B109C4E92300FC7B005BE047 /* AppDelegate.m */; };
		B109C4ED2300FC7B005BE047 /* ViewController.m in Sources */ = {isa = PBXBuildFile; fileRef = B109C4EC2300FC7B005BE047 /* ViewController.m */; };
		B109C4F02300FC7B005BE047 /* Main.storyboard in Resources */ = {isa = PBXBuildFile; fileRef = B109C4EE2300FC7B005BE047 /* Main.storyboard */; };
		B109C4F22300FC7B005BE047 /* Assets.xcassets in Resources */ = {isa = PBXBuildFile; fileRef = B109C4F12300FC7B005BE047 /* Assets.xcassets */; };
		B109C4F52300FC7B005BE047 /* LaunchScreen.storyboard in Resources */ = {isa = PBXBuildFile; fileRef = B109C4F32300FC7B005BE047 /* LaunchScreen.storyboard */; };
		B109C4F82300FC7C005BE047 /* main.m in Sources */ = {isa = PBXBuildFile; fileRef = B109C4F72300FC7C005BE047 /* main.m */; };
		B109C5762300FE06005BE047 /* CocoaLumberjack.framework in Frameworks */ = {isa = PBXBuildFile; fileRef = B109C5752300FE06005BE047 /* CocoaLumberjack.framework */; };
		B109C57B2300FEE3005BE047 /* DRLogManager.m in Sources */ = {isa = PBXBuildFile; fileRef = B109C57A2300FEE3005BE047 /* DRLogManager.m */; };
/* End PBXBuildFile section */

/* Begin PBXFileReference section */
		B109C4E52300FC7B005BE047 /* Demo.app */ = {isa = PBXFileReference; explicitFileType = wrapper.application; includeInIndex = 0; path = Demo.app; sourceTree = BUILT_PRODUCTS_DIR; };
		B109C4E82300FC7B005BE047 /* AppDelegate.h */ = {isa = PBXFileReference; lastKnownFileType = sourcecode.c.h; path = AppDelegate.h; sourceTree = "<group>"; };
		B109C4E92300FC7B005BE047 /* AppDelegate.m */ = {isa = PBXFileReference; lastKnownFileType = sourcecode.c.objc; path = AppDelegate.m; sourceTree = "<group>"; };
		B109C4EB2300FC7B005BE047 /* ViewController.h */ = {isa = PBXFileReference; lastKnownFileType = sourcecode.c.h; path = ViewController.h; sourceTree = "<group>"; };
		B109C4EC2300FC7B005BE047 /* ViewController.m */ = {isa = PBXFileReference; lastKnownFileType = sourcecode.c.objc; path = ViewController.m; sourceTree = "<group>"; };
		B109C4EF2300FC7B005BE047 /* Base */ = {isa = PBXFileReference; lastKnownFileType = file.storyboard; name = Base; path = Base.lproj/Main.storyboard; sourceTree = "<group>"; };
		B109C4F12300FC7B005BE047 /* Assets.xcassets */ = {isa = PBXFileReference; lastKnownFileType = folder.assetcatalog; path = Assets.xcassets; sourceTree = "<group>"; };
		B109C4F42300FC7B005BE047 /* Base */ = {isa = PBXFileReference; lastKnownFileType = file.storyboard; name = Base; path = Base.lproj/LaunchScreen.storyboard; sourceTree = "<group>"; };
		B109C4F62300FC7B005BE047 /* Info.plist */ = {isa = PBXFileReference; lastKnownFileType = text.plist.xml; path = Info.plist; sourceTree = "<group>"; };
		B109C4F72300FC7C005BE047 /* main.m */ = {isa = PBXFileReference; lastKnownFileType = sourcecode.c.objc; path = main.m; sourceTree = "<group>"; };
		B109C5752300FE06005BE047 /* CocoaLumberjack.framework */ = {isa = PBXFileReference; lastKnownFileType = wrapper.framework; path = CocoaLumberjack.framework; sourceTree = "<group>"; };
		B109C5782300FE4B005BE047 /* PrefixHeader.pch */ = {isa = PBXFileReference; lastKnownFileType = sourcecode.c.h; path = PrefixHeader.pch; sourceTree = "<group>"; };
		B109C5792300FEE3005BE047 /* DRLogManager.h */ = {isa = PBXFileReference; lastKnownFileType = sourcecode.c.h; path = DRLogManager.h; sourceTree = "<group>"; };
		B109C57A2300FEE3005BE047 /* DRLogManager.m */ = {isa = PBXFileReference; lastKnownFileType = sourcecode.c.objc; path = DRLogManager.m; sourceTree = "<group>"; };
/* End PBXFileReference section */

/* Begin PBXFrameworksBuildPhase section */
		B109C4E22300FC7B005BE047 /* Frameworks */ = {
			isa = PBXFrameworksBuildPhase;
			buildActionMask = 2147483647;
			files = (
				B109C5762300FE06005BE047 /* CocoaLumberjack.framework in Frameworks */,
			);
			runOnlyForDeploymentPostprocessing = 0;
		};
/* End PBXFrameworksBuildPhase section */

/* Begin PBXGroup section */
		B109C4DC2300FC7B005BE047 = {
			isa = PBXGroup;
			children = (
				B109C4E72300FC7B005BE047 /* Demo */,
				B109C4E62300FC7B005BE047 /* Products */,
			);
			sourceTree = "<group>";
		};
		B109C4E62300FC7B005BE047 /* Products */ = {
			isa = PBXGroup;
			children = (
				B109C4E52300FC7B005BE047 /* Demo.app */,
			);
			name = Products;
			sourceTree = "<group>";
		};
		B109C4E72300FC7B005BE047 /* Demo */ = {
			isa = PBXGroup;
			children = (
				B109C5772300FE0E005BE047 /* LogManager */,
				B109C4E82300FC7B005BE047 /* AppDelegate.h */,
				B109C4E92300FC7B005BE047 /* AppDelegate.m */,
				B109C4EB2300FC7B005BE047 /* ViewController.h */,
				B109C4EC2300FC7B005BE047 /* ViewController.m */,
				B109C4EE2300FC7B005BE047 /* Main.storyboard */,
				B109C4F12300FC7B005BE047 /* Assets.xcassets */,
				B109C4F32300FC7B005BE047 /* LaunchScreen.storyboard */,
				B109C4F62300FC7B005BE047 /* Info.plist */,
				B109C4F72300FC7C005BE047 /* main.m */,
				B109C5782300FE4B005BE047 /* PrefixHeader.pch */,
				B109C5392300FDB8005BE047 /* Framework */,
			);
			path = Demo;
			sourceTree = "<group>";
		};
		B109C5392300FDB8005BE047 /* Framework */ = {
			isa = PBXGroup;
			children = (
				B109C5752300FE06005BE047 /* CocoaLumberjack.framework */,
			);
			path = Framework;
			sourceTree = "<group>";
		};
		B109C5772300FE0E005BE047 /* LogManager */ = {
			isa = PBXGroup;
			children = (
				B109C5792300FEE3005BE047 /* DRLogManager.h */,
				B109C57A2300FEE3005BE047 /* DRLogManager.m */,
			);
			path = LogManager;
			sourceTree = "<group>";
		};
/* End PBXGroup section */

/* Begin PBXNativeTarget section */
		B109C4E42300FC7B005BE047 /* Demo */ = {
			isa = PBXNativeTarget;
			buildConfigurationList = B109C4FB2300FC7C005BE047 /* Build configuration list for PBXNativeTarget "Demo" */;
			buildPhases = (
				B109C4E12300FC7B005BE047 /* Sources */,
				B109C4E22300FC7B005BE047 /* Frameworks */,
				B109C4E32300FC7B005BE047 /* Resources */,
			);
			buildRules = (
			);
			dependencies = (
			);
			name = Demo;
			productName = Demo;
			productReference = B109C4E52300FC7B005BE047 /* Demo.app */;
			productType = "com.apple.product-type.application";
		};
/* End PBXNativeTarget section */

/* Begin PBXProject section */
		B109C4DD2300FC7B005BE047 /* Project object */ = {
			isa = PBXProject;
			attributes = {
				LastUpgradeCheck = 1010;
				ORGANIZATIONNAME = DR;
				TargetAttributes = {
					B109C4E42300FC7B005BE047 = {
						CreatedOnToolsVersion = 10.1;
					};
				};
			};
			buildConfigurationList = B109C4E02300FC7B005BE047 /* Build configuration list for PBXProject "Demo" */;
			compatibilityVersion = "Xcode 9.3";
			developmentRegion = en;
			hasScannedForEncodings = 0;
			knownRegions = (
				en,
				Base,
			);
			mainGroup = B109C4DC2300FC7B005BE047;
			productRefGroup = B109C4E62300FC7B005BE047 /* Products */;
			projectDirPath = "";
			projectRoot = "";
			targets = (
				B109C4E42300FC7B005BE047 /* Demo */,
			);
		};
/* End PBXProject section */

/* Begin PBXResourcesBuildPhase section */
		B109C4E32300FC7B005BE047 /* Resources */ = {
			isa = PBXResourcesBuildPhase;
			buildActionMask = 2147483647;
			files = (
				B109C4F52300FC7B005BE047 /* LaunchScreen.storyboard in Resources */,
				B109C4F22300FC7B005BE047 /* Assets.xcassets in Resources */,
				B109C4F02300FC7B005BE047 /* Main.storyboard in Resources */,
			);
			runOnlyForDeploymentPostprocessing = 0;
		};
/* End PBXResourcesBuildPhase section */

/* Begin PBXSourcesBuildPhase section */
		B109C4E12300FC7B005BE047 /* Sources */ = {
			isa = PBXSourcesBuildPhase;
			buildActionMask = 2147483647;
			files = (
				B109C57B2300FEE3005BE047 /* DRLogManager.m in Sources */,
				B109C4ED2300FC7B005BE047 /* ViewController.m in Sources */,
				B109C4F82300FC7C005BE047 /* main.m in Sources */,
				B109C4EA2300FC7B005BE047 /* AppDelegate.m in Sources */,
			);
			runOnlyForDeploymentPostprocessing = 0;
		};
/* End PBXSourcesBuildPhase section */

/* Begin PBXVariantGroup section */
		B109C4EE2300FC7B005BE047 /* Main.storyboard */ = {
			isa = PBXVariantGroup;
			children = (
				B109C4EF2300FC7B005BE047 /* Base */,
			);
			name = Main.storyboard;
			sourceTree = "<group>";
		};
		B109C4F32300FC7B005BE047 /* LaunchScreen.storyboard */ = {
			isa = PBXVariantGroup;
			children = (
				B109C4F42300FC7B005BE047 /* Base */,
			);
			name = LaunchScreen.storyboard;
			sourceTree = "<group>";
		};
/* End PBXVariantGroup section */

/* Begin XCBuildConfiguration section */
		B109C4F92300FC7C005BE047 /* Debug */ = {
			isa = XCBuildConfiguration;
			buildSettings = {
				ALWAYS_SEARCH_USER_PATHS = NO;
				CLANG_ANALYZER_NONNULL = YES;
				CLANG_ANALYZER_NUMBER_OBJECT_CONVERSION = YES_AGGRESSIVE;
				CLANG_CXX_LANGUAGE_STANDARD = "gnu++14";
				CLANG_CXX_LIBRARY = "libc++";
				CLANG_ENABLE_MODULES = YES;
				CLANG_ENABLE_OBJC_ARC = YES;
				CLANG_ENABLE_OBJC_WEAK = YES;
				CLANG_WARN_BLOCK_CAPTURE_AUTORELEASING = YES;
				CLANG_WARN_BOOL_CONVERSION = YES;
				CLANG_WARN_COMMA = YES;
				CLANG_WARN_CONSTANT_CONVERSION = YES;
				CLANG_WARN_DEPRECATED_OBJC_IMPLEMENTATIONS = YES;
				CLANG_WARN_DIRECT_OBJC_ISA_USAGE = YES_ERROR;
				CLANG_WARN_DOCUMENTATION_COMMENTS = YES;
				CLANG_WARN_EMPTY_BODY = YES;
				CLANG_WARN_ENUM_CONVERSION = YES;
				CLANG_WARN_INFINITE_RECURSION = YES;
				CLANG_WARN_INT_CONVERSION = YES;
				CLANG_WARN_NON_LITERAL_NULL_CONVERSION = YES;
				CLANG_WARN_OBJC_IMPLICIT_RETAIN_SELF = YES;
				CLANG_WARN_OBJC_LITERAL_CONVERSION = YES;
				CLANG_WARN_OBJC_ROOT_CLASS = YES_ERROR;
				CLANG_WARN_RANGE_LOOP_ANALYSIS = YES;
				CLANG_WARN_STRICT_PROTOTYPES = YES;
				CLANG_WARN_SUSPICIOUS_MOVE = YES;
				CLANG_WARN_UNGUARDED_AVAILABILITY = YES_AGGRESSIVE;
				CLANG_WARN_UNREACHABLE_CODE = YES;
				CLANG_WARN__DUPLICATE_METHOD_MATCH = YES;
				CODE_SIGN_IDENTITY = "iPhone Developer";
				COPY_PHASE_STRIP = NO;
				DEBUG_INFORMATION_FORMAT = dwarf;
				ENABLE_STRICT_OBJC_MSGSEND = YES;
				ENABLE_TESTABILITY = YES;
				GCC_C_LANGUAGE_STANDARD = gnu11;
				GCC_DYNAMIC_NO_PIC = NO;
				GCC_NO_COMMON_BLOCKS = YES;
				GCC_OPTIMIZATION_LEVEL = 0;
				GCC_PREPROCESSOR_DEFINITIONS = (
					"DEBUG=1",
					"$(inherited)",
				);
				GCC_WARN_64_TO_32_BIT_CONVERSION = YES;
				GCC_WARN_ABOUT_RETURN_TYPE = YES_ERROR;
				GCC_WARN_UNDECLARED_SELECTOR = YES;
				GCC_WARN_UNINITIALIZED_AUTOS = YES_AGGRESSIVE;
				GCC_WARN_UNUSED_FUNCTION = YES;
				GCC_WARN_UNUSED_VARIABLE = YES;
				IPHONEOS_DEPLOYMENT_TARGET = 9.0;
				MTL_ENABLE_DEBUG_INFO = INCLUDE_SOURCE;
				MTL_FAST_MATH = YES;
				ONLY_ACTIVE_ARCH = YES;
				SDKROOT = iphoneos;
			};
			name = Debug;
		};
		B109C4FA2300FC7C005BE047 /* Release */ = {
			isa = XCBuildConfiguration;
			buildSettings = {
				ALWAYS_SEARCH_USER_PATHS = NO;
				CLANG_ANALYZER_NONNULL = YES;
				CLANG_ANALYZER_NUMBER_OBJECT_CONVERSION = YES_AGGRESSIVE;
				CLANG_CXX_LANGUAGE_STANDARD = "gnu++14";
				CLANG_CXX_LIBRARY = "libc++";
				CLANG_ENABLE_MODULES = YES;
				CLANG_ENABLE_OBJC_ARC = YES;
				CLANG_ENABLE_OBJC_WEAK = YES;
				CLANG_WARN_BLOCK_CAPTURE_AUTORELEASING = YES;
				CLANG_WARN_BOOL_CONVERSION = YES;
				CLANG_WARN_COMMA = YES;
				CLANG_WARN_CONSTANT_CONVERSION = YES;
				CLANG_WARN_DEPRECATED_OBJC_IMPLEMENTATIONS = YES;
				CLANG_WARN_DIRECT_OBJC_ISA_USAGE = YES_ERROR;
				CLANG_WARN_DOCUMENTATION_COMMENTS = YES;
				CLANG_WARN_EMPTY_BODY = YES;
				CLANG_WARN_ENUM_CONVERSION = YES;
				CLANG_WARN_INFINITE_RECURSION = YES;
				CLANG_WARN_INT_CONVERSION = YES;
				CLANG_WARN_NON_LITERAL_NULL_CONVERSION = YES;
				CLANG_WARN_OBJC_IMPLICIT_RETAIN_SELF = YES;
				CLANG_WARN_OBJC_LITERAL_CONVERSION = YES;
				CLANG_WARN_OBJC_ROOT_CLASS = YES_ERROR;
				CLANG_WARN_RANGE_LOOP_ANALYSIS = YES;
				CLANG_WARN_STRICT_PROTOTYPES = YES;
				CLANG_WARN_SUSPICIOUS_MOVE = YES;
				CLANG_WARN_UNGUARDED_AVAILABILITY = YES_AGGRESSIVE;
				CLANG_WARN_UNREACHABLE_CODE = YES;
				CLANG_WARN__DUPLICATE_METHOD_MATCH = YES;
				CODE_SIGN_IDENTITY = "iPhone Developer";
				COPY_PHASE_STRIP = NO;
				DEBUG_INFORMATION_FORMAT = "dwarf-with-dsym";
				ENABLE_NS_ASSERTIONS = NO;
				ENABLE_STRICT_OBJC_MSGSEND = YES;
				GCC_C_LANGUAGE_STANDARD = gnu11;
				GCC_NO_COMMON_BLOCKS = YES;
				GCC_WARN_64_TO_32_BIT_CONVERSION = YES;
				GCC_WARN_ABOUT_RETURN_TYPE = YES_ERROR;
				GCC_WARN_UNDECLARED_SELECTOR = YES;
				GCC_WARN_UNINITIALIZED_AUTOS = YES_AGGRESSIVE;
				GCC_WARN_UNUSED_FUNCTION = YES;
				GCC_WARN_UNUSED_VARIABLE = YES;
				IPHONEOS_DEPLOYMENT_TARGET = 9.0;
				MTL_ENABLE_DEBUG_INFO = NO;
				MTL_FAST_MATH = YES;
				SDKROOT = iphoneos;
				VALIDATE_PRODUCT = YES;
			};
			name = Release;
		};
		B109C4FC2300FC7C005BE047 /* Debug */ = {
			isa = XCBuildConfiguration;
			buildSettings = {
				ASSETCATALOG_COMPILER_APPICON_NAME = AppIcon;
				CODE_SIGN_STYLE = Automatic;
				DEVELOPMENT_TEAM = "";
				FRAMEWORK_SEARCH_PATHS = (
					"$(inherited)",
					"$(PROJECT_DIR)/Demo/Framework",
				);
				GCC_PREFIX_HEADER = Demo/PrefixHeader.pch;
				INFOPLIST_FILE = Demo/Info.plist;
				LD_RUNPATH_SEARCH_PATHS = (
					"$(inherited)",
					"@executable_path/Frameworks",
				);
				PRODUCT_BUNDLE_IDENTIFIER = com.dr.log;
				PRODUCT_NAME = "$(TARGET_NAME)";
				TARGETED_DEVICE_FAMILY = "1,2";
			};
			name = Debug;
		};
		B109C4FD2300FC7C005BE047 /* Release */ = {
			isa = XCBuildConfiguration;
			buildSettings = {
				ASSETCATALOG_COMPILER_APPICON_NAME = AppIcon;
				CODE_SIGN_STYLE = Automatic;
				DEVELOPMENT_TEAM = "";
				FRAMEWORK_SEARCH_PATHS = (
					"$(inherited)",
					"$(PROJECT_DIR)/Demo/Framework",
				);
				GCC_PREFIX_HEADER = Demo/PrefixHeader.pch;
				INFOPLIST_FILE = Demo/Info.plist;
				LD_RUNPATH_SEARCH_PATHS = (
					"$(inherited)",
					"@executable_path/Frameworks",
				);
				PRODUCT_BUNDLE_IDENTIFIER = com.dr.log;
				PRODUCT_NAME = "$(TARGET_NAME)";
				TARGETED_DEVICE_FAMILY = "1,2";
			};
			name = Release;
		};
/* End XCBuildConfiguration section */

/* Begin XCConfigurationList section */
		B109C4E02300FC7B005BE047 /* Build configuration list for PBXProject "Demo" */ = {
			isa = XCConfigurationList;
			buildConfigurations = (
				B109C4F92300FC7C005BE047 /* Debug */,
				B109C4FA2300FC7C005BE047 /* Release */,
			);
			defaultConfigurationIsVisible = 0;
			defaultConfigurationName = Release;
		};
		B109C4FB2300FC7C005BE047 /* Build configuration list for PBXNativeTarget "Demo" */ = {
			isa = XCConfigurationList;
			buildConfigurations = (
				B109C4FC2300FC7C005BE047 /* Debug */,
				B109C4FD2300FC7C005BE047 /* Release */,
			);
			defaultConfigurationIsVisible = 0;
			defaultConfigurationName = Release;
		};
/* End XCConfigurationList section */
	};
	rootObject = B109C4DD2300FC7B005BE047 /* Project object */;
}
